
Microsoft Visual Studio Solution File, Format Version 12.00
# Visual Studio Version 16
VisualStudioVersion = 16.0.32602.291
MinimumVisualStudioVersion = 10.0.40219.1
Project("{FAE04EC0-301F-11D3-BF4B-00C04F79EFBC}") = "RestAPI.ModeloDDD.API", "RestAPI.ModeloDDD.API\RestAPI.ModeloDDD.API.csproj", "{6B8A6519-A8A7-476D-93C2-0D62F22F47F1}"
EndProject
Project("{FAE04EC0-301F-11D3-BF4B-00C04F79EFBC}") = "RestAPI.ModeloDDD.Application", "RestAPI.ModeloDDD.Application\RestAPI.ModeloDDD.Application.csproj", "{10A02B3C-9182-49E5-83EB-3F944A3857D0}"
EndProject
Project("{FAE04EC0-301F-11D3-BF4B-00C04F79EFBC}") = "RestAPI.ModeloDDD.Domain", "RestAPI.ModeloDDD.Domain\RestAPI.ModeloDDD.Domain.csproj", "{A1939CF6-8145-40E0-A372-686990788BD6}"
EndProject
Project("{FAE04EC0-301F-11D3-BF4B-00C04F79EFBC}") = "RestAPI.ModeloDDD.Infrastructure", "RestAPI.ModeloDDD.Infrastructure\RestAPI.ModeloDDD.Infrastructure.csproj", "{1ACEBA2A-6630-44D7-A17B-93F9D7B617C6}"
EndProject
Global
	GlobalSection(SolutionConfigurationPlatforms) = preSolution
		Debug|Any CPU = Debug|Any CPU
		Release|Any CPU = Release|Any CPU
	EndGlobalSection
	GlobalSection(ProjectConfigurationPlatforms) = postSolution
		{6B8A6519-A8A7-476D-93C2-0D62F22F47F1}.Debug|Any CPU.ActiveCfg = Debug|Any CPU
		{6B8A6519-A8A7-476D-93C2-0D62F22F47F1}.Debug|Any CPU.Build.0 = Debug|Any CPU
		{6B8A6519-A8A7-476D-93C2-0D62F22F47F1}.Release|Any CPU.ActiveCfg = Release|Any CPU
		{6B8A6519-A8A7-476D-93C2-0D62F22F47F1}.Release|Any CPU.Build.0 = Release|Any CPU
		{10A02B3C-9182-49E5-83EB-3F944A3857D0}.Debug|Any CPU.ActiveCfg = Debug|Any CPU
		{10A02B3C-9182-49E5-83EB-3F944A3857D0}.Debug|Any CPU.Build.0 = Debug|Any CPU
		{10A02B3C-9182-49E5-83EB-3F944A3857D0}.Release|Any CPU.ActiveCfg = Release|Any CPU
		{10A02B3C-9182-49E5-83EB-3F944A3857D0}.Release|Any CPU.Build.0 = Release|Any CPU
		{A1939CF6-8145-40E0-A372-686990788BD6}.Debug|Any CPU.ActiveCfg = Debug|Any CPU
		{A1939CF6-8145-40E0-A372-686990788BD6}.Debug|Any CPU.Build.0 = Debug|Any CPU
		{A1939CF6-8145-40E0-A372-686990788BD6}.Release|Any CPU.ActiveCfg = Release|Any CPU
		{A1939CF6-8145-40E0-A372-686990788BD6}.Release|Any CPU.Build.0 = Release|Any CPU
		{1ACEBA2A-6630-44D7-A17B-93F9D7B617C6}.Debug|Any CPU.ActiveCfg = Debug|Any CPU
		{1ACEBA2A-6630-44D7-A17B-93F9D7B617C6}.Debug|Any CPU.Build.0 = Debug|Any CPU
		{1ACEBA2A-6630-44D7-A17B-93F9D7B617C6}.Release|Any CPU.ActiveCfg = Release|Any CPU
		{1ACEBA2A-6630-44D7-A17B-93F9D7B617C6}.Release|Any CPU.Build.0 = Release|Any CPU
	EndGlobalSection
	GlobalSection(SolutionProperties) = preSolution
		HideSolutionNode = FALSE
	EndGlobalSection
	GlobalSection(ExtensibilityGlobals) = postSolution
		SolutionGuid = {42DF6C52-9FBA-4351-98BE-90EF9527317D}
	EndGlobalSection
EndGlobal
